<?xml version="1.0" encoding="UTF-8" standalone="yes" ?>
<CodeBlocks_project_file>
	<FileVersion major="1" minor="6" />
	<Project>
		<Option title="BobisbackEspionageMod" />
		<Option pch_mode="2" />
		<Option compiler="gcc" />
		<Build>
			<Target title="Run">
				<Option output=".dll" prefix_auto="1" extension_auto="1" />
				<Option working_dir="" />
				<Option object_output="G:\Star Ruler 2 Modded\mods\BobisbackEspionageMod\.objs" />
				<Option type="2" />
				<Option compiler="gcc" />
				<Option host_application="G:\Star Ruler 2 Modded\Star Ruler 2.exe" />
				<Option run_host_application_in_terminal="0" />
				<Option createDefFile="1" />
			</Target>
		</Build>
		<Compiler>
			<Add option="-Wall" />
		</Compiler>
		<Unit filename="scripts\client\ambience.as">
			<Option target="&lt;{~None~}&gt;" />
		</Unit>
		<Unit filename="scripts\client\cheats.as">
			<Option target="&lt;{~None~}&gt;" />
		</Unit>
		<Unit filename="scripts\client\commands.as">
			<Option target="&lt;{~None~}&gt;" />
		</Unit>
		<Unit filename="scripts\client\console.as">
			<Option target="&lt;{~None~}&gt;" />
		</Unit>
		<Unit filename="scripts\client\gfxeffects.as">
			<Option target="&lt;{~None~}&gt;" />
		</Unit>
		<Unit filename="scripts\client\input.as">
			<Option target="&lt;{~None~}&gt;" />
		</Unit>
		<Unit filename="scripts\client\music.as">
			<Option target="&lt;{~None~}&gt;" />
		</Unit>
		<Unit filename="scripts\client\nodes\BlackholeNode.as">
			<Option target="&lt;{~None~}&gt;" />
		</Unit>
		<Unit filename="scripts\client\nodes\FleetPlane.as">
			<Option target="&lt;{~None~}&gt;" />
		</Unit>
		<Unit filename="scripts\client\nodes\GalaxyGas.as">
			<Option target="&lt;{~None~}&gt;" />
		</Unit>
		<Unit filename="scripts\client\nodes\GalaxyPlane.as">
			<Option target="&lt;{~None~}&gt;" />
		</Unit>
		<Unit filename="scripts\client\nodes\NovaNode.as">
			<Option target="&lt;{~None~}&gt;" />
		</Unit>
		<Unit filename="scripts\client\nodes\OrbitalNode.as">
			<Option target="&lt;{~None~}&gt;" />
		</Unit>
		<Unit filename="scripts\client\nodes\PersistentGfx.as">
			<Option target="&lt;{~None~}&gt;" />
		</Unit>
		<Unit filename="scripts\client\nodes\PlanetIcon.as">
			<Option target="&lt;{~None~}&gt;" />
		</Unit>
		<Unit filename="scripts\client\nodes\PlanetNode.as">
			<Option target="&lt;{~None~}&gt;" />
		</Unit>
		<Unit filename="scripts\client\nodes\ShipyardNode.as">
			<Option target="&lt;{~None~}&gt;" />
		</Unit>
		<Unit filename="scripts\client\nodes\StarNode.as">
			<Option target="&lt;{~None~}&gt;" />
		</Unit>
		<Unit filename="scripts\client\nodes\StrategicIcon.as">
			<Option target="&lt;{~None~}&gt;" />
		</Unit>
		<Unit filename="scripts\client\nodes\SystemPlane.as">
			<Option target="&lt;{~None~}&gt;" />
		</Unit>
		<Unit filename="scripts\client\nodes\Territory.as">
			<Option target="&lt;{~None~}&gt;" />
		</Unit>
		<Unit filename="scripts\client\nodes\TradeLines.as">
			<Option target="&lt;{~None~}&gt;" />
		</Unit>
		<Unit filename="scripts\client\pings.as">
			<Option target="&lt;{~None~}&gt;" />
		</Unit>
		<Unit filename="scripts\client\queue.as">
			<Option target="&lt;{~None~}&gt;" />
		</Unit>
		<Unit filename="scripts\client\skybox.as">
			<Option target="&lt;{~None~}&gt;" />
		</Unit>
		<Unit filename="scripts\client\timing.as">
			<Option target="&lt;{~None~}&gt;" />
		</Unit>
		<Unit filename="scripts\definitions\abilities.as">
			<Option target="&lt;{~None~}&gt;" />
		</Unit>
		<Unit filename="scripts\definitions\ability_effects.as">
			<Option target="&lt;{~None~}&gt;" />
		</Unit>
		<Unit filename="scripts\definitions\anomalies.as">
			<Option target="&lt;{~None~}&gt;" />
		</Unit>
		<Unit filename="scripts\definitions\anomaly_effects.as">
			<Option target="&lt;{~None~}&gt;" />
		</Unit>
		<Unit filename="scripts\definitions\artifacts.as">
			<Option target="&lt;{~None~}&gt;" />
		</Unit>
		<Unit filename="scripts\definitions\attributes.as">
			<Option target="&lt;{~None~}&gt;" />
		</Unit>
		<Unit filename="scripts\definitions\biomes.as">
			<Option target="&lt;{~None~}&gt;" />
		</Unit>
		<Unit filename="scripts\definitions\block_effects.as">
			<Option target="&lt;{~None~}&gt;" />
		</Unit>
		<Unit filename="scripts\definitions\bonus_effects.as">
			<Option target="&lt;{~None~}&gt;" />
		</Unit>
		<Unit filename="scripts\definitions\building_effects.as">
			<Option target="&lt;{~None~}&gt;" />
		</Unit>
		<Unit filename="scripts\definitions\buildings.as">
			<Option target="&lt;{~None~}&gt;" />
		</Unit>
		<Unit filename="scripts\definitions\campaign.as">
			<Option target="&lt;{~None~}&gt;" />
		</Unit>
		<Unit filename="scripts\definitions\camps.as">
			<Option target="&lt;{~None~}&gt;" />
		</Unit>
		<Unit filename="scripts\definitions\card_effects.as">
			<Option target="&lt;{~None~}&gt;" />
		</Unit>
		<Unit filename="scripts\definitions\civilians.as">
			<Option target="&lt;{~None~}&gt;" />
		</Unit>
		<Unit filename="scripts\definitions\clause_effects.as">
			<Option target="&lt;{~None~}&gt;" />
		</Unit>
		<Unit filename="scripts\definitions\construction_effects.as">
			<Option target="&lt;{~None~}&gt;" />
		</Unit>
		<Unit filename="scripts\definitions\constructions.as">
			<Option target="&lt;{~None~}&gt;" />
		</Unit>
		<Unit filename="scripts\definitions\empire_data.as">
			<Option target="&lt;{~None~}&gt;" />
		</Unit>
		<Unit filename="scripts\definitions\empire_effects.as">
			<Option target="&lt;{~None~}&gt;" />
		</Unit>
		<Unit filename="scripts\definitions\ftl.as">
			<Option target="&lt;{~None~}&gt;" />
		</Unit>
		<Unit filename="scripts\definitions\generic_effects.as">
			<Option target="&lt;{~None~}&gt;" />
		</Unit>
		<Unit filename="scripts\definitions\generic_hooks.as">
			<Option target="&lt;{~None~}&gt;" />
		</Unit>
		<Unit filename="scripts\definitions\hooks.as">
			<Option target="&lt;{~None~}&gt;" />
		</Unit>
		<Unit filename="scripts\definitions\icons.as">
			<Option target="&lt;{~None~}&gt;" />
		</Unit>
		<Unit filename="scripts\definitions\include\ability_spec.as">
			<Option target="&lt;{~None~}&gt;" />
		</Unit>
		<Unit filename="scripts\definitions\include\region_effect_spec.as">
			<Option target="&lt;{~None~}&gt;" />
		</Unit>
		<Unit filename="scripts\definitions\influence.as">
			<Option target="&lt;{~None~}&gt;" />
		</Unit>
		<Unit filename="scripts\definitions\influence_effects.as">
			<Option target="&lt;{~None~}&gt;" />
		</Unit>
		<Unit filename="scripts\definitions\listed_values.as">
			<Option target="&lt;{~None~}&gt;" />
		</Unit>
		<Unit filename="scripts\definitions\map_effects.as">
			<Option target="&lt;{~None~}&gt;" />
		</Unit>
		<Unit filename="scripts\definitions\map_systems.as">
			<Option target="&lt;{~None~}&gt;" />
		</Unit>
		<Unit filename="scripts\definitions\orbital_effects.as">
			<Option target="&lt;{~None~}&gt;" />
		</Unit>
		<Unit filename="scripts\definitions\orbitals.as">
			<Option target="&lt;{~None~}&gt;" />
		</Unit>
		<Unit filename="scripts\definitions\pickup_effects.as">
			<Option target="&lt;{~None~}&gt;" />
		</Unit>
		<Unit filename="scripts\definitions\pickups.as">
			<Option target="&lt;{~None~}&gt;" />
		</Unit>
		<Unit filename="scripts\definitions\planet_effects.as">
			<Option target="&lt;{~None~}&gt;" />
		</Unit>
		<Unit filename="scripts\definitions\region_effects.as">
			<Option target="&lt;{~None~}&gt;" />
		</Unit>
		<Unit filename="scripts\definitions\region_effects\GrantVision.as">
			<Option target="&lt;{~None~}&gt;" />
		</Unit>
		<Unit filename="scripts\definitions\region_effects\ProtectedZone.as">
			<Option target="&lt;{~None~}&gt;" />
		</Unit>
		<Unit filename="scripts\definitions\region_effects\ZealotRegion.as">
			<Option target="&lt;{~None~}&gt;" />
		</Unit>
		<Unit filename="scripts\definitions\repeat_hooks.as">
			<Option target="&lt;{~None~}&gt;" />
		</Unit>
		<Unit filename="scripts\definitions\requirement_effects.as">
			<Option target="&lt;{~None~}&gt;" />
		</Unit>
		<Unit filename="scripts\definitions\research.as">
			<Option target="&lt;{~None~}&gt;" />
		</Unit>
		<Unit filename="scripts\definitions\research_effects.as">
			<Option target="&lt;{~None~}&gt;" />
		</Unit>
		<Unit filename="scripts\definitions\resource_effects.as">
			<Option target="&lt;{~None~}&gt;" />
		</Unit>
		<Unit filename="scripts\definitions\resources.as">
			<Option target="&lt;{~None~}&gt;" />
		</Unit>
		<Unit filename="scripts\definitions\saving.as">
			<Option target="&lt;{~None~}&gt;" />
		</Unit>
		<Unit filename="scripts\definitions\status_effects.as">
			<Option target="&lt;{~None~}&gt;" />
		</Unit>
		<Unit filename="scripts\definitions\statuses.as">
			<Option target="&lt;{~None~}&gt;" />
		</Unit>
		<Unit filename="scripts\definitions\subsystem_effects.as">
			<Option target="&lt;{~None~}&gt;" />
		</Unit>
		<Unit filename="scripts\definitions\system_flags.as">
			<Option target="&lt;{~None~}&gt;" />
		</Unit>
		<Unit filename="scripts\definitions\target_filters.as">
			<Option target="&lt;{~None~}&gt;" />
		</Unit>
		<Unit filename="scripts\definitions\tile_resources.as">
			<Option target="&lt;{~None~}&gt;" />
		</Unit>
		<Unit filename="scripts\definitions\trait_effects.as">
			<Option target="&lt;{~None~}&gt;" />
		</Unit>
		<Unit filename="scripts\definitions\traits.as">
			<Option target="&lt;{~None~}&gt;" />
		</Unit>
		<Unit filename="scripts\definitions\unlock_tags.as">
			<Option target="&lt;{~None~}&gt;" />
		</Unit>
		<Unit filename="scripts\definitions\version.as">
			<Option target="&lt;{~None~}&gt;" />
		</Unit>
		<Unit filename="scripts\definitions\vote_effects.as">
			<Option target="&lt;{~None~}&gt;" />
		</Unit>
		<Unit filename="scripts\gui\community\DesignElement.as">
			<Option target="&lt;{~None~}&gt;" />
		</Unit>
		<Unit filename="scripts\gui\community\DesignList.as">
			<Option target="&lt;{~None~}&gt;" />
		</Unit>
		<Unit filename="scripts\gui\community\DesignPage.as">
			<Option target="&lt;{~None~}&gt;" />
		</Unit>
		<Unit filename="scripts\gui\community\Home.as">
			<Option target="&lt;{~None~}&gt;" />
		</Unit>
		<Unit filename="scripts\gui\design_stats.as">
			<Option target="&lt;{~None~}&gt;" />
		</Unit>
		<Unit filename="scripts\gui\editor\completion.as">
			<Option target="&lt;{~None~}&gt;" />
		</Unit>
		<Unit filename="scripts\gui\editor\defs.as">
			<Option target="&lt;{~None~}&gt;" />
		</Unit>
		<Unit filename="scripts\gui\editor\editor.as">
			<Option target="&lt;{~None~}&gt;" />
		</Unit>
		<Unit filename="scripts\gui\editor\fields.as">
			<Option target="&lt;{~None~}&gt;" />
		</Unit>
		<Unit filename="scripts\gui\editor\files.as">
			<Option target="&lt;{~None~}&gt;" />
		</Unit>
		<Unit filename="scripts\gui\editor\hooks.as">
			<Option target="&lt;{~None~}&gt;" />
		</Unit>
		<Unit filename="scripts\gui\editor\loader.as">
			<Option target="&lt;{~None~}&gt;" />
		</Unit>
		<Unit filename="scripts\gui\editor\locale.as">
			<Option target="&lt;{~None~}&gt;" />
		</Unit>
		<Unit filename="scripts\gui\editor\modinfo.as">
			<Option target="&lt;{~None~}&gt;" />
		</Unit>
		<Unit filename="scripts\gui\editor\overview.as">
			<Option target="&lt;{~None~}&gt;" />
		</Unit>
		<Unit filename="scripts\gui\gui_editor.as">
			<Option target="&lt;{~None~}&gt;" />
		</Unit>
		<Unit filename="scripts\gui\multiplayer.as">
			<Option target="&lt;{~None~}&gt;" />
		</Unit>
		<Unit filename="scripts\gui\navigation\SmartCamera.as">
			<Option target="&lt;{~None~}&gt;" />
		</Unit>
		<Unit filename="scripts\gui\navigation\elevation.as">
			<Option target="&lt;{~None~}&gt;" />
		</Unit>
		<Unit filename="scripts\gui\navigation\ftl.as">
			<Option target="&lt;{~None~}&gt;" />
		</Unit>
		<Unit filename="scripts\gui\navigation\go.as">
			<Option target="&lt;{~None~}&gt;" />
		</Unit>
		<Unit filename="scripts\gui\navigation\scopes.as">
			<Option target="&lt;{~None~}&gt;" />
		</Unit>
		<Unit filename="scripts\gui\navigation\smart_pan.as">
			<Option target="&lt;{~None~}&gt;" />
		</Unit>
		<Unit filename="scripts\gui\navigation\systems.as">
			<Option target="&lt;{~None~}&gt;" />
		</Unit>
		<Unit filename="scripts\gui\notifications\notifications.as">
			<Option target="&lt;{~None~}&gt;" />
		</Unit>
		<Unit filename="scripts\gui\obj_selection.as">
			<Option target="&lt;{~None~}&gt;" />
		</Unit>
		<Unit filename="scripts\gui\overlays\AnomalyOverlay.as">
			<Option target="&lt;{~None~}&gt;" />
		</Unit>
		<Unit filename="scripts\gui\overlays\ArtifactInfoBar.as">
			<Option target="&lt;{~None~}&gt;" />
		</Unit>
		<Unit filename="scripts\gui\overlays\ArtifactPopup.as">
			<Option target="&lt;{~None~}&gt;" />
		</Unit>
		<Unit filename="scripts\gui\overlays\AsteroidInfoBar.as">
			<Option target="&lt;{~None~}&gt;" />
		</Unit>
		<Unit filename="scripts\gui\overlays\AsteroidPopup.as">
			<Option target="&lt;{~None~}&gt;" />
		</Unit>
		<Unit filename="scripts\gui\overlays\CivilianPopup.as">
			<Option target="&lt;{~None~}&gt;" />
		</Unit>
		<Unit filename="scripts\gui\overlays\Construction.as">
			<Option target="&lt;{~None~}&gt;" />
		</Unit>
		<Unit filename="scripts\gui\overlays\ContextMenu.as">
			<Option target="&lt;{~None~}&gt;" />
		</Unit>
		<Unit filename="scripts\gui\overlays\EdictDisplay.as">
			<Option target="&lt;{~None~}&gt;" />
		</Unit>
		<Unit filename="scripts\gui\overlays\InfoBar.as">
			<Option target="&lt;{~None~}&gt;" />
		</Unit>
		<Unit filename="scripts\gui\overlays\ObjectPopup.as">
			<Option target="&lt;{~None~}&gt;" />
		</Unit>
		<Unit filename="scripts\gui\overlays\OddityPopup.as">
			<Option target="&lt;{~None~}&gt;" />
		</Unit>
		<Unit filename="scripts\gui\overlays\OrbitalInfoBar.as">
			<Option target="&lt;{~None~}&gt;" />
		</Unit>
		<Unit filename="scripts\gui\overlays\OrbitalOverlay.as">
			<Option target="&lt;{~None~}&gt;" />
		</Unit>
		<Unit filename="scripts\gui\overlays\OrbitalPopup.as">
			<Option target="&lt;{~None~}&gt;" />
		</Unit>
		<Unit filename="scripts\gui\overlays\PickupPopup.as">
			<Option target="&lt;{~None~}&gt;" />
		</Unit>
		<Unit filename="scripts\gui\overlays\PlanetInfoBar.as">
			<Option target="&lt;{~None~}&gt;" />
		</Unit>
		<Unit filename="scripts\gui\overlays\PlanetOverlay.as">
			<Option target="&lt;{~None~}&gt;" />
		</Unit>
		<Unit filename="scripts\gui\overlays\PlanetPopup.as">
			<Option target="&lt;{~None~}&gt;" />
		</Unit>
		<Unit filename="scripts\gui\overlays\Popup.as">
			<Option target="&lt;{~None~}&gt;" />
		</Unit>
		<Unit filename="scripts\gui\overlays\PopupTooltip.as">
			<Option target="&lt;{~None~}&gt;" />
		</Unit>
		<Unit filename="scripts\gui\overlays\Quickbar.as">
			<Option target="&lt;{~None~}&gt;" />
		</Unit>
		<Unit filename="scripts\gui\overlays\ShipInfoBar.as">
			<Option target="&lt;{~None~}&gt;" />
		</Unit>
		<Unit filename="scripts\gui\overlays\ShipPopup.as">
			<Option target="&lt;{~None~}&gt;" />
		</Unit>
		<Unit filename="scripts\gui\overlays\StarPopup.as">
			<Option target="&lt;{~None~}&gt;" />
		</Unit>
		<Unit filename="scripts\gui\overlays\Supports.as">
			<Option target="&lt;{~None~}&gt;" />
		</Unit>
		<Unit filename="scripts\gui\overlays\TimeDisplay.as">
			<Option target="&lt;{~None~}&gt;" />
		</Unit>
		<Unit filename="scripts\gui\scenario.as">
			<Option target="&lt;{~None~}&gt;" />
		</Unit>
		<Unit filename="scripts\gui\tabs\DesignEditorTab.as">
			<Option target="&lt;{~None~}&gt;" />
		</Unit>
		<Unit filename="scripts\gui\tabs\DesignOverviewTab.as">
			<Option target="&lt;{~None~}&gt;" />
		</Unit>
		<Unit filename="scripts\gui\tabs\DiplomacyTab.as">
			<Option target="&lt;{~None~}&gt;" />
		</Unit>
		<Unit filename="scripts\gui\tabs\EspionageTab.as">
			<Option target="&lt;{~None~}&gt;" />
		</Unit>
		<Unit filename="scripts\gui\tabs\GalaxyTab.as">
			<Option target="&lt;{~None~}&gt;" />
		</Unit>
		<Unit filename="scripts\gui\tabs\GlobalBar.as">
			<Option target="&lt;{~None~}&gt;" />
		</Unit>
		<Unit filename="scripts\gui\tabs\GraphicsEditor.as">
			<Option target="&lt;{~None~}&gt;" />
		</Unit>
		<Unit filename="scripts\gui\tabs\HomeTab.as">
			<Option target="&lt;{~None~}&gt;" />
		</Unit>
		<Unit filename="scripts\gui\tabs\HullEditorTab.as">
			<Option target="&lt;{~None~}&gt;" />
		</Unit>
		<Unit filename="scripts\gui\tabs\InfluenceHistoryTab.as">
			<Option target="&lt;{~None~}&gt;" />
		</Unit>
		<Unit filename="scripts\gui\tabs\InfluenceVoteTab.as">
			<Option target="&lt;{~None~}&gt;" />
		</Unit>
		<Unit filename="scripts\gui\tabs\NameGeneratorTab.as">
			<Option target="&lt;{~None~}&gt;" />
		</Unit>
		<Unit filename="scripts\gui\tabs\ParticlesTab.as">
			<Option target="&lt;{~None~}&gt;" />
		</Unit>
		<Unit filename="scripts\gui\tabs\PlanetsTab.as">
			<Option target="&lt;{~None~}&gt;" />
		</Unit>
		<Unit filename="scripts\gui\tabs\ResearchTab.as">
			<Option target="&lt;{~None~}&gt;" />
		</Unit>
		<Unit filename="scripts\gui\tabs\SkinViewer.as">
			<Option target="&lt;{~None~}&gt;" />
		</Unit>
		<Unit filename="scripts\gui\tabs\StatsTab.as">
			<Option target="&lt;{~None~}&gt;" />
		</Unit>
		<Unit filename="scripts\gui\tabs\SystemTab.as">
			<Option target="&lt;{~None~}&gt;" />
		</Unit>
		<Unit filename="scripts\gui\tabs\Tab.as">
			<Option target="&lt;{~None~}&gt;" />
		</Unit>
		<Unit filename="scripts\gui\tabs\VictoryTab.as">
			<Option target="&lt;{~None~}&gt;" />
		</Unit>
		<Unit filename="scripts\gui\tabs\WikiTab.as">
			<Option target="&lt;{~None~}&gt;" />
		</Unit>
		<Unit filename="scripts\gui\tabs\tabbar.as">
			<Option target="&lt;{~None~}&gt;" />
		</Unit>
		<Unit filename="scripts\gui\targeting\Fling.as">
			<Option target="&lt;{~None~}&gt;" />
		</Unit>
		<Unit filename="scripts\gui\targeting\Hyperdrive.as">
			<Option target="&lt;{~None~}&gt;" />
		</Unit>
		<Unit filename="scripts\gui\targeting\MoveTarget.as">
			<Option target="&lt;{~None~}&gt;" />
		</Unit>
		<Unit filename="scripts\gui\targeting\ObjectTarget.as">
			<Option target="&lt;{~None~}&gt;" />
		</Unit>
		<Unit filename="scripts\gui\targeting\PointTarget.as">
			<Option target="&lt;{~None~}&gt;" />
		</Unit>
		<Unit filename="scripts\gui\targeting\Slipstream.as">
			<Option target="&lt;{~None~}&gt;" />
		</Unit>
		<Unit filename="scripts\gui\targeting\targeting.as">
			<Option target="&lt;{~None~}&gt;" />
		</Unit>
		<Unit filename="scripts\gui\util\constructible_view.as">
			<Option target="&lt;{~None~}&gt;" />
		</Unit>
		<Unit filename="scripts\gui\util\icon_view.as">
			<Option target="&lt;{~None~}&gt;" />
		</Unit>
		<Unit filename="scripts\gui\util\obj_locate.as">
			<Option target="&lt;{~None~}&gt;" />
		</Unit>
		<Unit filename="scripts\menu\campaign_menu.as">
			<Option target="&lt;{~None~}&gt;" />
		</Unit>
		<Unit filename="scripts\menu\errors.as">
			<Option target="&lt;{~None~}&gt;" />
		</Unit>
		<Unit filename="scripts\menu\input.as">
			<Option target="&lt;{~None~}&gt;" />
		</Unit>
		<Unit filename="scripts\menu\load_menu.as">
			<Option target="&lt;{~None~}&gt;" />
		</Unit>
		<Unit filename="scripts\menu\main_menu.as">
			<Option target="&lt;{~None~}&gt;" />
		</Unit>
		<Unit filename="scripts\menu\menus.as">
			<Option target="&lt;{~None~}&gt;" />
		</Unit>
		<Unit filename="scripts\menu\mods_menu.as">
			<Option target="&lt;{~None~}&gt;" />
		</Unit>
		<Unit filename="scripts\menu\multiplayer_menu.as">
			<Option target="&lt;{~None~}&gt;" />
		</Unit>
		<Unit filename="scripts\menu\new_game.as">
			<Option target="&lt;{~None~}&gt;" />
		</Unit>
		<Unit filename="scripts\menu\options_menu.as">
			<Option target="&lt;{~None~}&gt;" />
		</Unit>
		<Unit filename="scripts\menu\save_menu.as">
			<Option target="&lt;{~None~}&gt;" />
		</Unit>
		<Unit filename="scripts\menu\settings\game_page.as">
			<Option target="&lt;{~None~}&gt;" />
		</Unit>
		<Unit filename="scripts\menu\theme.as">
			<Option target="&lt;{~None~}&gt;" />
		</Unit>
		<Unit filename="scripts\server\achievements.as">
			<Option target="&lt;{~None~}&gt;" />
		</Unit>
		<Unit filename="scripts\server\artifact_seeding.as">
			<Option target="&lt;{~None~}&gt;" />
		</Unit>
		<Unit filename="scripts\server\cheats.as">
			<Option target="&lt;{~None~}&gt;" />
		</Unit>
		<Unit filename="scripts\server\combat.as">
			<Option target="&lt;{~None~}&gt;" />
		</Unit>
		<Unit filename="scripts\server\components\Abilities.as">
			<Option target="&lt;{~None~}&gt;" />
		</Unit>
		<Unit filename="scripts\server\components\Attributes.as">
			<Option target="&lt;{~None~}&gt;" />
		</Unit>
		<Unit filename="scripts\server\components\EnergyManager.as">
			<Option target="&lt;{~None~}&gt;" />
		</Unit>
		<Unit filename="scripts\server\components\FleetManager.as">
			<Option target="&lt;{~None~}&gt;" />
		</Unit>
		<Unit filename="scripts\server\components\InfluenceManager.as">
			<Option target="&lt;{~None~}&gt;" />
		</Unit>
		<Unit filename="scripts\server\components\Mover.as">
			<Option target="&lt;{~None~}&gt;" />
		</Unit>
		<Unit filename="scripts\server\components\Notifications.as">
			<Option target="&lt;{~None~}&gt;" />
		</Unit>
		<Unit filename="scripts\server\components\ObjectManager.as">
			<Option target="&lt;{~None~}&gt;" />
		</Unit>
		<Unit filename="scripts\server\components\Orbit.as">
			<Option target="&lt;{~None~}&gt;" />
		</Unit>
		<Unit filename="scripts\server\components\ResearchGrid.as">
			<Option target="&lt;{~None~}&gt;" />
		</Unit>
		<Unit filename="scripts\server\components\ResourceManager.as">
			<Option target="&lt;{~None~}&gt;" />
		</Unit>
		<Unit filename="scripts\server\components\Resources.as">
			<Option target="&lt;{~None~}&gt;" />
		</Unit>
		<Unit filename="scripts\server\components\Statuses.as">
			<Option target="&lt;{~None~}&gt;" />
		</Unit>
		<Unit filename="scripts\server\components\Traits.as">
			<Option target="&lt;{~None~}&gt;" />
		</Unit>
		<Unit filename="scripts\server\construction\AsteroidConstructible.as">
			<Option target="&lt;{~None~}&gt;" />
		</Unit>
		<Unit filename="scripts\server\construction\BuildingConstructible.as">
			<Option target="&lt;{~None~}&gt;" />
		</Unit>
		<Unit filename="scripts\server\construction\Constructible.as">
			<Option target="&lt;{~None~}&gt;" />
		</Unit>
		<Unit filename="scripts\server\construction\Construction.as">
			<Option target="&lt;{~None~}&gt;" />
		</Unit>
		<Unit filename="scripts\server\construction\ConstructionConstructible.as">
			<Option target="&lt;{~None~}&gt;" />
		</Unit>
		<Unit filename="scripts\server\construction\DryDockConstructible.as">
			<Option target="&lt;{~None~}&gt;" />
		</Unit>
		<Unit filename="scripts\server\construction\ExportConstructible.as">
			<Option target="&lt;{~None~}&gt;" />
		</Unit>
		<Unit filename="scripts\server\construction\OrbitalConstructible.as">
			<Option target="&lt;{~None~}&gt;" />
		</Unit>
		<Unit filename="scripts\server\construction\RetrofitConstructible.as">
			<Option target="&lt;{~None~}&gt;" />
		</Unit>
		<Unit filename="scripts\server\construction\ShipConstructible.as">
			<Option target="&lt;{~None~}&gt;" />
		</Unit>
		<Unit filename="scripts\server\construction\StationConstructible.as">
			<Option target="&lt;{~None~}&gt;" />
		</Unit>
		<Unit filename="scripts\server\construction\TerraformConstructible.as">
			<Option target="&lt;{~None~}&gt;" />
		</Unit>
		<Unit filename="scripts\server\effects.as">
			<Option target="&lt;{~None~}&gt;" />
		</Unit>
		<Unit filename="scripts\server\effects\region_effects.as">
			<Option target="&lt;{~None~}&gt;" />
		</Unit>
		<Unit filename="scripts\server\empire.as">
			<Option target="&lt;{~None~}&gt;" />
		</Unit>
		<Unit filename="scripts\server\empire_ai\BasicAI.as">
			<Option target="&lt;{~None~}&gt;" />
		</Unit>
		<Unit filename="scripts\server\empire_ai\BumAI.as">
			<Option target="&lt;{~None~}&gt;" />
		</Unit>
		<Unit filename="scripts\server\empire_ai\EmpireAI.as">
			<Option target="&lt;{~None~}&gt;" />
		</Unit>
		<Unit filename="scripts\server\empire_ai\include\bai_act_colonize.as">
			<Option target="&lt;{~None~}&gt;" />
		</Unit>
		<Unit filename="scripts\server\empire_ai\include\bai_act_fleets.as">
			<Option target="&lt;{~None~}&gt;" />
		</Unit>
		<Unit filename="scripts\server\empire_ai\include\bai_act_influence.as">
			<Option target="&lt;{~None~}&gt;" />
		</Unit>
		<Unit filename="scripts\server\empire_ai\include\bai_act_resources.as">
			<Option target="&lt;{~None~}&gt;" />
		</Unit>
		<Unit filename="scripts\server\empire_ai\include\bai_act_strategy.as">
			<Option target="&lt;{~None~}&gt;" />
		</Unit>
		<Unit filename="scripts\server\empire_creation.as">
			<Option target="&lt;{~None~}&gt;" />
		</Unit>
		<Unit filename="scripts\server\empire_rankings.as">
			<Option target="&lt;{~None~}&gt;" />
		</Unit>
		<Unit filename="scripts\server\game_start.as">
			<Option target="&lt;{~None~}&gt;" />
		</Unit>
		<Unit filename="scripts\server\influence_global.as">
			<Option target="&lt;{~None~}&gt;" />
		</Unit>
		<Unit filename="scripts\server\map_generation.as">
			<Option target="&lt;{~None~}&gt;" />
		</Unit>
		<Unit filename="scripts\server\map_loader.as">
			<Option target="&lt;{~None~}&gt;" />
		</Unit>
		<Unit filename="scripts\server\object_creation.as">
			<Option target="&lt;{~None~}&gt;" />
		</Unit>
		<Unit filename="scripts\server\objects\Anomaly.as">
			<Option target="&lt;{~None~}&gt;" />
		</Unit>
		<Unit filename="scripts\server\objects\Artifact.as">
			<Option target="&lt;{~None~}&gt;" />
		</Unit>
		<Unit filename="scripts\server\objects\Asteroid.as">
			<Option target="&lt;{~None~}&gt;" />
		</Unit>
		<Unit filename="scripts\server\objects\Civilian.as">
			<Option target="&lt;{~None~}&gt;" />
		</Unit>
		<Unit filename="scripts\server\objects\ColonyShip.as">
			<Option target="&lt;{~None~}&gt;" />
		</Unit>
		<Unit filename="scripts\server\objects\Freighter.as">
			<Option target="&lt;{~None~}&gt;" />
		</Unit>
		<Unit filename="scripts\server\objects\Oddity.as">
			<Option target="&lt;{~None~}&gt;" />
		</Unit>
		<Unit filename="scripts\server\objects\Orbital.as">
			<Option target="&lt;{~None~}&gt;" />
		</Unit>
		<Unit filename="scripts\server\objects\Pickup.as">
			<Option target="&lt;{~None~}&gt;" />
		</Unit>
		<Unit filename="scripts\server\objects\Planet.as">
			<Option target="&lt;{~None~}&gt;" />
		</Unit>
		<Unit filename="scripts\server\objects\Ship.as">
			<Option target="&lt;{~None~}&gt;" />
		</Unit>
		<Unit filename="scripts\server\objects\Star.as">
			<Option target="&lt;{~None~}&gt;" />
		</Unit>
		<Unit filename="scripts\server\objects\Territory.as">
			<Option target="&lt;{~None~}&gt;" />
		</Unit>
		<Unit filename="scripts\server\orders\AbilityOrder.as">
			<Option target="&lt;{~None~}&gt;" />
		</Unit>
		<Unit filename="scripts\server\orders\AttackOrder.as">
			<Option target="&lt;{~None~}&gt;" />
		</Unit>
		<Unit filename="scripts\server\orders\AutoExploreOrder.as">
			<Option target="&lt;{~None~}&gt;" />
		</Unit>
		<Unit filename="scripts\server\orders\CaptureOrder.as">
			<Option target="&lt;{~None~}&gt;" />
		</Unit>
		<Unit filename="scripts\server\orders\FlingOrder.as">
			<Option target="&lt;{~None~}&gt;" />
		</Unit>
		<Unit filename="scripts\server\orders\GotoOrder.as">
			<Option target="&lt;{~None~}&gt;" />
		</Unit>
		<Unit filename="scripts\server\orders\HyperdriveOrder.as">
			<Option target="&lt;{~None~}&gt;" />
		</Unit>
		<Unit filename="scripts\server\orders\LeaderAI.as">
			<Option target="&lt;{~None~}&gt;" />
		</Unit>
		<Unit filename="scripts\server\orders\MoveOrder.as">
			<Option target="&lt;{~None~}&gt;" />
		</Unit>
		<Unit filename="scripts\server\orders\OddityGateOrder.as">
			<Option target="&lt;{~None~}&gt;" />
		</Unit>
		<Unit filename="scripts\server\orders\Order.as">
			<Option target="&lt;{~None~}&gt;" />
		</Unit>
		<Unit filename="scripts\server\orders\PickupOrder.as">
			<Option target="&lt;{~None~}&gt;" />
		</Unit>
		<Unit filename="scripts\server\orders\RefreshOrder.as">
			<Option target="&lt;{~None~}&gt;" />
		</Unit>
		<Unit filename="scripts\server\orders\ScanOrder.as">
			<Option target="&lt;{~None~}&gt;" />
		</Unit>
		<Unit filename="scripts\server\orders\SlipstreamOrder.as">
			<Option target="&lt;{~None~}&gt;" />
		</Unit>
		<Unit filename="scripts\server\orders\SupportAI.as">
			<Option target="&lt;{~None~}&gt;" />
		</Unit>
		<Unit filename="scripts\server\orders\WaitOrder.as">
			<Option target="&lt;{~None~}&gt;" />
		</Unit>
		<Unit filename="scripts\server\pings.as">
			<Option target="&lt;{~None~}&gt;" />
		</Unit>
		<Unit filename="scripts\server\piracy.as">
			<Option target="&lt;{~None~}&gt;" />
		</Unit>
		<Unit filename="scripts\server\planets\SurfaceComponent.as">
			<Option target="&lt;{~None~}&gt;" />
		</Unit>
		<Unit filename="scripts\server\planets\SurfaceGrid.as">
			<Option target="&lt;{~None~}&gt;" />
		</Unit>
		<Unit filename="scripts\server\regions\Region.as">
			<Option target="&lt;{~None~}&gt;" />
		</Unit>
		<Unit filename="scripts\server\regions\RegionObjects.as">
			<Option target="&lt;{~None~}&gt;" />
		</Unit>
		<Unit filename="scripts\server\regions\regions.as">
			<Option target="&lt;{~None~}&gt;" />
		</Unit>
		<Unit filename="scripts\server\remnant_designs.as">
			<Option target="&lt;{~None~}&gt;" />
		</Unit>
		<Unit filename="scripts\server\scenario.as">
			<Option target="&lt;{~None~}&gt;" />
		</Unit>
		<Unit filename="scripts\server\teams.as">
			<Option target="&lt;{~None~}&gt;" />
		</Unit>
		<Unit filename="scripts\server\territories.as">
			<Option target="&lt;{~None~}&gt;" />
		</Unit>
		<Unit filename="scripts\server\timing.as">
			<Option target="&lt;{~None~}&gt;" />
		</Unit>
		<Unit filename="scripts\server\util\target_search.as">
			<Option target="&lt;{~None~}&gt;" />
		</Unit>
		<Unit filename="scripts\server\victory.as">
			<Option target="&lt;{~None~}&gt;" />
		</Unit>
		<Unit filename="scripts\server\warandpeace.as">
			<Option target="&lt;{~None~}&gt;" />
		</Unit>
		<Unit filename="scripts\shadow\achievements.as">
			<Option target="&lt;{~None~}&gt;" />
		</Unit>
		<Unit filename="scripts\shadow\cheats.as">
			<Option target="&lt;{~None~}&gt;" />
		</Unit>
		<Unit filename="scripts\shadow\components\Abilities.as">
			<Option target="&lt;{~None~}&gt;" />
		</Unit>
		<Unit filename="scripts\shadow\components\Attributes.as">
			<Option target="&lt;{~None~}&gt;" />
		</Unit>
		<Unit filename="scripts\shadow\components\EnergyManager.as">
			<Option target="&lt;{~None~}&gt;" />
		</Unit>
		<Unit filename="scripts\shadow\components\FleetManager.as">
			<Option target="&lt;{~None~}&gt;" />
		</Unit>
		<Unit filename="scripts\shadow\components\InfluenceManager.as">
			<Option target="&lt;{~None~}&gt;" />
		</Unit>
		<Unit filename="scripts\shadow\components\Mover.as">
			<Option target="&lt;{~None~}&gt;" />
		</Unit>
		<Unit filename="scripts\shadow\components\Notifications.as">
			<Option target="&lt;{~None~}&gt;" />
		</Unit>
		<Unit filename="scripts\shadow\components\ObjectManager.as">
			<Option target="&lt;{~None~}&gt;" />
		</Unit>
		<Unit filename="scripts\shadow\components\Orbit.as">
			<Option target="&lt;{~None~}&gt;" />
		</Unit>
		<Unit filename="scripts\shadow\components\ResearchGrid.as">
			<Option target="&lt;{~None~}&gt;" />
		</Unit>
		<Unit filename="scripts\shadow\components\ResourceManager.as">
			<Option target="&lt;{~None~}&gt;" />
		</Unit>
		<Unit filename="scripts\shadow\components\Resources.as">
			<Option target="&lt;{~None~}&gt;" />
		</Unit>
		<Unit filename="scripts\shadow\components\Statuses.as">
			<Option target="&lt;{~None~}&gt;" />
		</Unit>
		<Unit filename="scripts\shadow\components\Traits.as">
			<Option target="&lt;{~None~}&gt;" />
		</Unit>
		<Unit filename="scripts\shadow\construction\Construction.as">
			<Option target="&lt;{~None~}&gt;" />
		</Unit>
		<Unit filename="scripts\shadow\empire.as">
			<Option target="&lt;{~None~}&gt;" />
		</Unit>
		<Unit filename="scripts\shadow\empire_ai\EmpireAI.as">
			<Option target="&lt;{~None~}&gt;" />
		</Unit>
		<Unit filename="scripts\shadow\game_start.as">
			<Option target="&lt;{~None~}&gt;" />
		</Unit>
		<Unit filename="scripts\shadow\influence_global.as">
			<Option target="&lt;{~None~}&gt;" />
		</Unit>
		<Unit filename="scripts\shadow\objects\Anomaly.as">
			<Option target="&lt;{~None~}&gt;" />
		</Unit>
		<Unit filename="scripts\shadow\objects\Artifact.as">
			<Option target="&lt;{~None~}&gt;" />
		</Unit>
		<Unit filename="scripts\shadow\objects\Asteroid.as">
			<Option target="&lt;{~None~}&gt;" />
		</Unit>
		<Unit filename="scripts\shadow\objects\Civilian.as">
			<Option target="&lt;{~None~}&gt;" />
		</Unit>
		<Unit filename="scripts\shadow\objects\ColonyShip.as">
			<Option target="&lt;{~None~}&gt;" />
		</Unit>
		<Unit filename="scripts\shadow\objects\Freighter.as">
			<Option target="&lt;{~None~}&gt;" />
		</Unit>
		<Unit filename="scripts\shadow\objects\Oddity.as">
			<Option target="&lt;{~None~}&gt;" />
		</Unit>
		<Unit filename="scripts\shadow\objects\Orbital.as">
			<Option target="&lt;{~None~}&gt;" />
		</Unit>
		<Unit filename="scripts\shadow\objects\Pickup.as">
			<Option target="&lt;{~None~}&gt;" />
		</Unit>
		<Unit filename="scripts\shadow\objects\Planet.as">
			<Option target="&lt;{~None~}&gt;" />
		</Unit>
		<Unit filename="scripts\shadow\objects\Ship.as">
			<Option target="&lt;{~None~}&gt;" />
		</Unit>
		<Unit filename="scripts\shadow\objects\Star.as">
			<Option target="&lt;{~None~}&gt;" />
		</Unit>
		<Unit filename="scripts\shadow\objects\Territory.as">
			<Option target="&lt;{~None~}&gt;" />
		</Unit>
		<Unit filename="scripts\shadow\orders\LeaderAI.as">
			<Option target="&lt;{~None~}&gt;" />
		</Unit>
		<Unit filename="scripts\shadow\orders\SupportAI.as">
			<Option target="&lt;{~None~}&gt;" />
		</Unit>
		<Unit filename="scripts\shadow\planets\SurfaceComponent.as">
			<Option target="&lt;{~None~}&gt;" />
		</Unit>
		<Unit filename="scripts\shadow\regions\Region.as">
			<Option target="&lt;{~None~}&gt;" />
		</Unit>
		<Unit filename="scripts\shadow\regions\RegionObjects.as">
			<Option target="&lt;{~None~}&gt;" />
		</Unit>
		<Unit filename="scripts\shadow\regions\regions.as">
			<Option target="&lt;{~None~}&gt;" />
		</Unit>
		<Unit filename="scripts\shadow\scenario.as">
			<Option target="&lt;{~None~}&gt;" />
		</Unit>
		<Unit filename="scripts\shadow\victory.as">
			<Option target="&lt;{~None~}&gt;" />
		</Unit>
		<Unit filename="scripts\shadow\warandpeace.as">
			<Option target="&lt;{~None~}&gt;" />
		</Unit>
		<Unit filename="scripts\shared\biome_data.as">
			<Option target="&lt;{~None~}&gt;" />
		</Unit>
		<Unit filename="scripts\shared\cloud_mods.as">
			<Option target="&lt;{~None~}&gt;" />
		</Unit>
		<Unit filename="scripts\shared\constructible.as">
			<Option target="&lt;{~None~}&gt;" />
		</Unit>
		<Unit filename="scripts\shared\designs.as">
			<Option target="&lt;{~None~}&gt;" />
		</Unit>
		<Unit filename="scripts\shared\dialogue.as">
			<Option target="&lt;{~None~}&gt;" />
		</Unit>
		<Unit filename="scripts\shared\hook_globals.as">
			<Option target="&lt;{~None~}&gt;" />
		</Unit>
		<Unit filename="scripts\shared\include\map.as">
			<Option target="&lt;{~None~}&gt;" />
		</Unit>
		<Unit filename="scripts\shared\include\resource_constants.as">
			<Option target="&lt;{~None~}&gt;" />
		</Unit>
		<Unit filename="scripts\shared\maps.as">
			<Option target="&lt;{~None~}&gt;" />
		</Unit>
		<Unit filename="scripts\shared\movement.as">
			<Option target="&lt;{~None~}&gt;" />
		</Unit>
		<Unit filename="scripts\shared\notifications.as">
			<Option target="&lt;{~None~}&gt;" />
		</Unit>
		<Unit filename="scripts\shared\oddities.as">
			<Option target="&lt;{~None~}&gt;" />
		</Unit>
		<Unit filename="scripts\shared\oddity_navigation.as">
			<Option target="&lt;{~None~}&gt;" />
		</Unit>
		<Unit filename="scripts\shared\orders.as">
			<Option target="&lt;{~None~}&gt;" />
		</Unit>
		<Unit filename="scripts\shared\planet_levels.as">
			<Option target="&lt;{~None~}&gt;" />
		</Unit>
		<Unit filename="scripts\shared\planet_loyalty.as">
			<Option target="&lt;{~None~}&gt;" />
		</Unit>
		<Unit filename="scripts\shared\planet_types.as">
			<Option target="&lt;{~None~}&gt;" />
		</Unit>
		<Unit filename="scripts\shared\planets\PlanetSurface.as">
			<Option target="&lt;{~None~}&gt;" />
		</Unit>
		<Unit filename="scripts\shared\settings\game_settings.as">
			<Option target="&lt;{~None~}&gt;" />
		</Unit>
		<Unit filename="scripts\shared\settings\map_lib.as">
			<Option target="&lt;{~None~}&gt;" />
		</Unit>
		<Unit filename="scripts\shared\ship_groups.as">
			<Option target="&lt;{~None~}&gt;" />
		</Unit>
		<Unit filename="scripts\shared\system_pathing.as">
			<Option target="&lt;{~None~}&gt;" />
		</Unit>
		<Unit filename="scripts\shared\systems.as">
			<Option target="&lt;{~None~}&gt;" />
		</Unit>
		<Unit filename="scripts\shared\util\convar.as">
			<Option target="&lt;{~None~}&gt;" />
		</Unit>
		<Unit filename="scripts\shared\util\design_designer.as">
			<Option target="&lt;{~None~}&gt;" />
		</Unit>
		<Unit filename="scripts\shared\util\design_export.as">
			<Option target="&lt;{~None~}&gt;" />
		</Unit>
		<Unit filename="scripts\shared\util\formatting.as">
			<Option target="&lt;{~None~}&gt;" />
		</Unit>
		<Unit filename="scripts\shared\util\map_tools.as">
			<Option target="&lt;{~None~}&gt;" />
		</Unit>
		<Unit filename="scripts\toolkit\dialog.as">
			<Option target="&lt;{~None~}&gt;" />
		</Unit>
		<Unit filename="scripts\toolkit\dialogs\ColorDialog.as">
			<Option target="&lt;{~None~}&gt;" />
		</Unit>
		<Unit filename="scripts\toolkit\dialogs\DesignExportDialog.as">
			<Option target="&lt;{~None~}&gt;" />
		</Unit>
		<Unit filename="scripts\toolkit\dialogs\DesignImportDialog.as">
			<Option target="&lt;{~None~}&gt;" />
		</Unit>
		<Unit filename="scripts\toolkit\dialogs\Dialog.as">
			<Option target="&lt;{~None~}&gt;" />
		</Unit>
		<Unit filename="scripts\toolkit\dialogs\IDialog.as">
			<Option target="&lt;{~None~}&gt;" />
		</Unit>
		<Unit filename="scripts\toolkit\dialogs\InputDialog.as">
			<Option target="&lt;{~None~}&gt;" />
		</Unit>
		<Unit filename="scripts\toolkit\dialogs\LoadDialog.as">
			<Option target="&lt;{~None~}&gt;" />
		</Unit>
		<Unit filename="scripts\toolkit\dialogs\MaterialChooser.as">
			<Option target="&lt;{~None~}&gt;" />
		</Unit>
		<Unit filename="scripts\toolkit\dialogs\MessageDialog.as">
			<Option target="&lt;{~None~}&gt;" />
		</Unit>
		<Unit filename="scripts\toolkit\dialogs\QuestionDialog.as">
			<Option target="&lt;{~None~}&gt;" />
		</Unit>
		<Unit filename="scripts\toolkit\dialogs\SaveDialog.as">
			<Option target="&lt;{~None~}&gt;" />
		</Unit>
		<Unit filename="scripts\toolkit\dialogs\include\UniqueDialogs.as">
			<Option target="&lt;{~None~}&gt;" />
		</Unit>
		<Unit filename="scripts\toolkit\elements\Alignment.as">
			<Option target="&lt;{~None~}&gt;" />
		</Unit>
		<Unit filename="scripts\toolkit\elements\BaseGuiElement.as">
			<Option target="&lt;{~None~}&gt;" />
		</Unit>
		<Unit filename="scripts\toolkit\elements\Gui3DObject.as">
			<Option target="&lt;{~None~}&gt;" />
		</Unit>
		<Unit filename="scripts\toolkit\elements\GuiAccordion.as">
			<Option target="&lt;{~None~}&gt;" />
		</Unit>
		<Unit filename="scripts\toolkit\elements\GuiAligned.as">
			<Option target="&lt;{~None~}&gt;" />
		</Unit>
		<Unit filename="scripts\toolkit\elements\GuiBackgroundPanel.as">
			<Option target="&lt;{~None~}&gt;" />
		</Unit>
		<Unit filename="scripts\toolkit\elements\GuiBlueprint.as">
			<Option target="&lt;{~None~}&gt;" />
		</Unit>
		<Unit filename="scripts\toolkit\elements\GuiButton.as">
			<Option target="&lt;{~None~}&gt;" />
		</Unit>
		<Unit filename="scripts\toolkit\elements\GuiCheckbox.as">
			<Option target="&lt;{~None~}&gt;" />
		</Unit>
		<Unit filename="scripts\toolkit\elements\GuiContextMenu.as">
			<Option target="&lt;{~None~}&gt;" />
		</Unit>
		<Unit filename="scripts\toolkit\elements\GuiDistributionBar.as">
			<Option target="&lt;{~None~}&gt;" />
		</Unit>
		<Unit filename="scripts\toolkit\elements\GuiDraggable.as">
			<Option target="&lt;{~None~}&gt;" />
		</Unit>
		<Unit filename="scripts\toolkit\elements\GuiDropdown.as">
			<Option target="&lt;{~None~}&gt;" />
		</Unit>
		<Unit filename="scripts\toolkit\elements\GuiEmpire.as">
			<Option target="&lt;{~None~}&gt;" />
		</Unit>
		<Unit filename="scripts\toolkit\elements\GuiFileChooser.as">
			<Option target="&lt;{~None~}&gt;" />
		</Unit>
		<Unit filename="scripts\toolkit\elements\GuiGroupDisplay.as">
			<Option target="&lt;{~None~}&gt;" />
		</Unit>
		<Unit filename="scripts\toolkit\elements\GuiIconGrid.as">
			<Option target="&lt;{~None~}&gt;" />
		</Unit>
		<Unit filename="scripts\toolkit\elements\GuiImage.as">
			<Option target="&lt;{~None~}&gt;" />
		</Unit>
		<Unit filename="scripts\toolkit\elements\GuiInfluenceCard.as">
			<Option target="&lt;{~None~}&gt;" />
		</Unit>
		<Unit filename="scripts\toolkit\elements\GuiListbox.as">
			<Option target="&lt;{~None~}&gt;" />
		</Unit>
		<Unit filename="scripts\toolkit\elements\GuiMarkupText.as">
			<Option target="&lt;{~None~}&gt;" />
		</Unit>
		<Unit filename="scripts\toolkit\elements\GuiOfferList.as">
			<Option target="&lt;{~None~}&gt;" />
		</Unit>
		<Unit filename="scripts\toolkit\elements\GuiOverlay.as">
			<Option target="&lt;{~None~}&gt;" />
		</Unit>
		<Unit filename="scripts\toolkit\elements\GuiPanel.as">
			<Option target="&lt;{~None~}&gt;" />
		</Unit>
		<Unit filename="scripts\toolkit\elements\GuiPlanetSurface.as">
			<Option target="&lt;{~None~}&gt;" />
		</Unit>
		<Unit filename="scripts\toolkit\elements\GuiProgressbar.as">
			<Option target="&lt;{~None~}&gt;" />
		</Unit>
		<Unit filename="scripts\toolkit\elements\GuiResizeHandle.as">
			<Option target="&lt;{~None~}&gt;" />
		</Unit>
		<Unit filename="scripts\toolkit\elements\GuiResources.as">
			<Option target="&lt;{~None~}&gt;" />
		</Unit>
		<Unit filename="scripts\toolkit\elements\GuiScrollbar.as">
			<Option target="&lt;{~None~}&gt;" />
		</Unit>
		<Unit filename="scripts\toolkit\elements\GuiShipStatus.as">
			<Option target="&lt;{~None~}&gt;" />
		</Unit>
		<Unit filename="scripts\toolkit\elements\GuiSkinElement.as">
			<Option target="&lt;{~None~}&gt;" />
		</Unit>
		<Unit filename="scripts\toolkit\elements\GuiSpinbox.as">
			<Option target="&lt;{~None~}&gt;" />
		</Unit>
		<Unit filename="scripts\toolkit\elements\GuiSprite.as">
			<Option target="&lt;{~None~}&gt;" />
		</Unit>
		<Unit filename="scripts\toolkit\elements\GuiStatusBox.as">
			<Option target="&lt;{~None~}&gt;" />
		</Unit>
		<Unit filename="scripts\toolkit\elements\GuiTabPane.as">
			<Option target="&lt;{~None~}&gt;" />
		</Unit>
		<Unit filename="scripts\toolkit\elements\GuiText.as">
			<Option target="&lt;{~None~}&gt;" />
		</Unit>
		<Unit filename="scripts\toolkit\elements\GuiTextbox.as">
			<Option target="&lt;{~None~}&gt;" />
		</Unit>
		<Unit filename="scripts\toolkit\elements\IGuiElement.as">
			<Option target="&lt;{~None~}&gt;" />
		</Unit>
		<Unit filename="scripts\toolkit\elements\MarkupTooltip.as">
			<Option target="&lt;{~None~}&gt;" />
		</Unit>
		<Unit filename="scripts\toolkit\elements\WordWrap.as">
			<Option target="&lt;{~None~}&gt;" />
		</Unit>
		<Unit filename="scripts\toolkit\gui.as">
			<Option target="&lt;{~None~}&gt;" />
		</Unit>
		<Unit filename="scripts\toolkit\gui_zoom.as">
			<Option target="&lt;{~None~}&gt;" />
		</Unit>
		<Unit filename="scripts\toolkit\irc_window.as">
			<Option target="&lt;{~None~}&gt;" />
		</Unit>
		<Unit filename="scripts\toolkit\util\engine_options.as">
			<Option target="&lt;{~None~}&gt;" />
		</Unit>
		<Unit filename="scripts\toolkit\util\game_options.as">
			<Option target="&lt;{~None~}&gt;" />
		</Unit>
		<Unit filename="scripts\toolkit\util\gui_options.as">
			<Option target="&lt;{~None~}&gt;" />
		</Unit>
		<Unit filename="scripts\toolkit\util\settings_page.as">
			<Option target="&lt;{~None~}&gt;" />
		</Unit>
		<Extensions>
			<code_completion />
			<debugger />
		</Extensions>
	</Project>
</CodeBlocks_project_file>
